
Microsoft Visual Studio Solution File, Format Version 12.00
# Visual Studio 2013
VisualStudioVersion = 12.0.31101.0
MinimumVisualStudioVersion = 10.0.40219.1
Project("{FAE04EC0-301F-11D3-BF4B-00C04F79EFBC}") = "MLReporting.Web", "MLReporting\MLReporting.Web.csproj", "{9B22EC78-A06B-4F2C-8E59-7233F56B2FBB}"
EndProject
Project("{FAE04EC0-301F-11D3-BF4B-00C04F79EFBC}") = "MLReporting.Domain", "MLReporting.Domain\MLReporting.Domain.csproj", "{5A67A520-416B-4BF9-B744-8F3F65FF42DB}"
EndProject
Global
	GlobalSection(SolutionConfigurationPlatforms) = preSolution
		Debug|Any CPU = Debug|Any CPU
		Release|Any CPU = Release|Any CPU
	EndGlobalSection
	GlobalSection(ProjectConfigurationPlatforms) = postSolution
		{9B22EC78-A06B-4F2C-8E59-7233F56B2FBB}.Debug|Any CPU.ActiveCfg = Debug|Any CPU
		{9B22EC78-A06B-4F2C-8E59-7233F56B2FBB}.Debug|Any CPU.Build.0 = Debug|Any CPU
		{9B22EC78-A06B-4F2C-8E59-7233F56B2FBB}.Release|Any CPU.ActiveCfg = Release|Any CPU
		{9B22EC78-A06B-4F2C-8E59-7233F56B2FBB}.Release|Any CPU.Build.0 = Release|Any CPU
		{5A67A520-416B-4BF9-B744-8F3F65FF42DB}.Debug|Any CPU.ActiveCfg = Debug|Any CPU
		{5A67A520-416B-4BF9-B744-8F3F65FF42DB}.Debug|Any CPU.Build.0 = Debug|Any CPU
		{5A67A520-416B-4BF9-B744-8F3F65FF42DB}.Release|Any CPU.ActiveCfg = Release|Any CPU
		{5A67A520-416B-4BF9-B744-8F3F65FF42DB}.Release|Any CPU.Build.0 = Release|Any CPU
	EndGlobalSection
	GlobalSection(SolutionProperties) = preSolution
		HideSolutionNode = FALSE
	EndGlobalSection
EndGlobal
